{
  "name": "conventional-changelog",
  "version": "1.0.0",
  "lockfileVersion": 1,
  "requires": true,
  "dependencies": {
    "array-ify": {
      "version": "1.0.0",
      "resolved": "http://registry.npm.taobao.org/array-ify/download/array-ify-1.0.0.tgz",
      "integrity": "sha1-nlKHYrSpBmrRY6aWKjZEGOlibs4="
    },
    "compare-func": {
      "version": "1.3.2",
      "resolved": "http://registry.npm.taobao.org/compare-func/download/compare-func-1.3.2.tgz",
      "integrity": "sha1-md0LpFfh+bxyKxLAjsM+6rMfpkg=",
      "requires": {
        "array-ify": "^1.0.0",
        "dot-prop": "^3.0.0"
      }
    },
    "conventional-changelog-angular": {
      "version": "5.0.3",
      "resolved": "http://registry.npm.taobao.org/conventional-changelog-angular/download/conventional-changelog-angular-5.0.3.tgz",
      "integrity": "sha1-KZ/dQ99aHwlSg6wWru37CmguyrA=",
      "requires": {
        "compare-func": "^1.3.1",
        "q": "^1.5.1"
      }
    },
    "conventional-changelog-preset-loader": {
      "version": "2.0.2",
      "resolved": "http://registry.npm.taobao.org/conventional-changelog-preset-loader/download/conventional-changelog-preset-loader-2.0.2.tgz",
      "integrity": "sha1-gdGgdSORPz0X2jpJ8AkflnrTRbA="
    },
    "dot-prop": {
      "version": "3.0.0",
      "resolved": "http://registry.npm.taobao.org/dot-prop/download/dot-prop-3.0.0.tgz",
      "integrity": "sha1-G3CK8JSknJoOfbyteQq6U52sEXc=",
      "requires": {
        "is-obj": "^1.0.0"
      }
    },
    "is-obj": {
      "version": "1.0.1",
      "resolved": "http://registry.npm.taobao.org/is-obj/download/is-obj-1.0.1.tgz",
      "integrity": "sha1-PkcprB9f3gJc19g6iW2rn09n2w8="
    },
    "q": {
      "version": "1.5.1",
      "resolved": "http://registry.npm.taobao.org/q/download/q-1.5.1.tgz",
      "integrity": "sha1-fjL3W0E4EpHQRhHxvxQQmsAGUdc="
    }
  }
}
